// !$*UTF8*$!
{
	archiveVersion = 1;
	classes = {
	};
	objectVersion = 55;
	objects = {

/* Begin PBXBuildFile section */
		361A98EE289B6A6600C16D00 /* AppDelegate.swift in Sources */ = {isa = PBXBuildFile; fileRef = 361A98ED289B6A6600C16D00 /* AppDelegate.swift */; };
		361A98F0289B6A6600C16D00 /* SceneDelegate.swift in Sources */ = {isa = PBXBuildFile; fileRef = 361A98EF289B6A6600C16D00 /* SceneDelegate.swift */; };
		361A98F2289B6A6600C16D00 /* ViewController.swift in Sources */ = {isa = PBXBuildFile; fileRef = 361A98F1289B6A6600C16D00 /* ViewController.swift */; };
		361A98F7289B6A6700C16D00 /* Assets.xcassets in Resources */ = {isa = PBXBuildFile; fileRef = 361A98F6289B6A6700C16D00 /* Assets.xcassets */; };
		361A98FA289B6A6700C16D00 /* LaunchScreen.storyboard in Resources */ = {isa = PBXBuildFile; fileRef = 361A98F8289B6A6700C16D00 /* LaunchScreen.storyboard */; };
		361A9905289B6A6700C16D00 /* JSONParserTests.swift in Sources */ = {isa = PBXBuildFile; fileRef = 361A9904289B6A6700C16D00 /* JSONParserTests.swift */; };
		361A992B289B6F2200C16D00 /* AppCoordinator.swift in Sources */ = {isa = PBXBuildFile; fileRef = 361A992A289B6F2200C16D00 /* AppCoordinator.swift */; };
		361A992E289B6F3A00C16D00 /* CoordinatorProtocol.swift in Sources */ = {isa = PBXBuildFile; fileRef = 361A992D289B6F3A00C16D00 /* CoordinatorProtocol.swift */; };
		361A9931289B722100C16D00 /* MockIdusSearchResult.json in Resources */ = {isa = PBXBuildFile; fileRef = 361A9930289B722100C16D00 /* MockIdusSearchResult.json */; };
		361A9934289B726100C16D00 /* JSONParser.swift in Sources */ = {isa = PBXBuildFile; fileRef = 361A9933289B726100C16D00 /* JSONParser.swift */; };
		361A993A289B73B800C16D00 /* SearchResultDTO.swift in Sources */ = {isa = PBXBuildFile; fileRef = 361A9939289B73B800C16D00 /* SearchResultDTO.swift */; };
		361A993D289B74CF00C16D00 /* AppItemDTO.swift in Sources */ = {isa = PBXBuildFile; fileRef = 361A993C289B74CF00C16D00 /* AppItemDTO.swift */; };
		361A9941289B762200C16D00 /* MockIdusAppItem.json in Resources */ = {isa = PBXBuildFile; fileRef = 361A9940289B762200C16D00 /* MockIdusAppItem.json */; };
		361A9948289BC61A00C16D00 /* AppItem.swift in Sources */ = {isa = PBXBuildFile; fileRef = 361A9947289BC61A00C16D00 /* AppItem.swift */; };
		36EBE0D8289FF2BE00B92BB4 /* IdusIntroductionURL.swift in Sources */ = {isa = PBXBuildFile; fileRef = 36EBE0D7289FF2BE00B92BB4 /* IdusIntroductionURL.swift */; };
		36EBE0DA289FF32300B92BB4 /* APIProtocol.swift in Sources */ = {isa = PBXBuildFile; fileRef = 36EBE0D9289FF32300B92BB4 /* APIProtocol.swift */; };
/* End PBXBuildFile section */

/* Begin PBXContainerItemProxy section */
		361A9901289B6A6700C16D00 /* PBXContainerItemProxy */ = {
			isa = PBXContainerItemProxy;
			containerPortal = 361A98E2289B6A6600C16D00 /* Project object */;
			proxyType = 1;
			remoteGlobalIDString = 361A98E9289B6A6600C16D00;
			remoteInfo = IdusIntroduction;
		};
/* End PBXContainerItemProxy section */

/* Begin PBXFileReference section */
		361A98EA289B6A6600C16D00 /* IdusIntroduction.app */ = {isa = PBXFileReference; explicitFileType = wrapper.application; includeInIndex = 0; path = IdusIntroduction.app; sourceTree = BUILT_PRODUCTS_DIR; };
		361A98ED289B6A6600C16D00 /* AppDelegate.swift */ = {isa = PBXFileReference; lastKnownFileType = sourcecode.swift; path = AppDelegate.swift; sourceTree = "<group>"; };
		361A98EF289B6A6600C16D00 /* SceneDelegate.swift */ = {isa = PBXFileReference; lastKnownFileType = sourcecode.swift; path = SceneDelegate.swift; sourceTree = "<group>"; };
		361A98F1289B6A6600C16D00 /* ViewController.swift */ = {isa = PBXFileReference; lastKnownFileType = sourcecode.swift; path = ViewController.swift; sourceTree = "<group>"; };
		361A98F6289B6A6700C16D00 /* Assets.xcassets */ = {isa = PBXFileReference; lastKnownFileType = folder.assetcatalog; path = Assets.xcassets; sourceTree = "<group>"; };
		361A98F9289B6A6700C16D00 /* Base */ = {isa = PBXFileReference; lastKnownFileType = file.storyboard; name = Base; path = Base.lproj/LaunchScreen.storyboard; sourceTree = "<group>"; };
		361A98FB289B6A6700C16D00 /* Info.plist */ = {isa = PBXFileReference; lastKnownFileType = text.plist.xml; path = Info.plist; sourceTree = "<group>"; };
		361A9900289B6A6700C16D00 /* IdusIntroductionTests.xctest */ = {isa = PBXFileReference; explicitFileType = wrapper.cfbundle; includeInIndex = 0; path = IdusIntroductionTests.xctest; sourceTree = BUILT_PRODUCTS_DIR; };
		361A9904289B6A6700C16D00 /* JSONParserTests.swift */ = {isa = PBXFileReference; lastKnownFileType = sourcecode.swift; path = JSONParserTests.swift; sourceTree = "<group>"; };
		361A992A289B6F2200C16D00 /* AppCoordinator.swift */ = {isa = PBXFileReference; lastKnownFileType = sourcecode.swift; path = AppCoordinator.swift; sourceTree = "<group>"; };
		361A992D289B6F3A00C16D00 /* CoordinatorProtocol.swift */ = {isa = PBXFileReference; lastKnownFileType = sourcecode.swift; path = CoordinatorProtocol.swift; sourceTree = "<group>"; };
		361A9930289B722100C16D00 /* MockIdusSearchResult.json */ = {isa = PBXFileReference; lastKnownFileType = text.json; path = MockIdusSearchResult.json; sourceTree = "<group>"; };
		361A9933289B726100C16D00 /* JSONParser.swift */ = {isa = PBXFileReference; lastKnownFileType = sourcecode.swift; path = JSONParser.swift; sourceTree = "<group>"; };
		361A9939289B73B800C16D00 /* SearchResultDTO.swift */ = {isa = PBXFileReference; lastKnownFileType = sourcecode.swift; path = SearchResultDTO.swift; sourceTree = "<group>"; };
		361A993C289B74CF00C16D00 /* AppItemDTO.swift */ = {isa = PBXFileReference; lastKnownFileType = sourcecode.swift; path = AppItemDTO.swift; sourceTree = "<group>"; };
		361A9940289B762200C16D00 /* MockIdusAppItem.json */ = {isa = PBXFileReference; lastKnownFileType = text.json; path = MockIdusAppItem.json; sourceTree = "<group>"; };
		361A9947289BC61A00C16D00 /* AppItem.swift */ = {isa = PBXFileReference; lastKnownFileType = sourcecode.swift; path = AppItem.swift; sourceTree = "<group>"; };
		36EBE0D7289FF2BE00B92BB4 /* IdusIntroductionURL.swift */ = {isa = PBXFileReference; lastKnownFileType = sourcecode.swift; path = IdusIntroductionURL.swift; sourceTree = "<group>"; };
		36EBE0D9289FF32300B92BB4 /* APIProtocol.swift */ = {isa = PBXFileReference; lastKnownFileType = sourcecode.swift; path = APIProtocol.swift; sourceTree = "<group>"; };
/* End PBXFileReference section */

/* Begin PBXFrameworksBuildPhase section */
		361A98E7289B6A6600C16D00 /* Frameworks */ = {
			isa = PBXFrameworksBuildPhase;
			buildActionMask = 2147483647;
			files = (
			);
			runOnlyForDeploymentPostprocessing = 0;
		};
		361A98FD289B6A6700C16D00 /* Frameworks */ = {
			isa = PBXFrameworksBuildPhase;
			buildActionMask = 2147483647;
			files = (
			);
			runOnlyForDeploymentPostprocessing = 0;
		};
/* End PBXFrameworksBuildPhase section */

/* Begin PBXGroup section */
		361A98E1289B6A6600C16D00 = {
			isa = PBXGroup;
			children = (
				361A98EC289B6A6600C16D00 /* IdusIntroduction */,
				361A9903289B6A6700C16D00 /* IdusIntroductionTests */,
				361A98EB289B6A6600C16D00 /* Products */,
			);
			sourceTree = "<group>";
		};
		361A98EB289B6A6600C16D00 /* Products */ = {
			isa = PBXGroup;
			children = (
				361A98EA289B6A6600C16D00 /* IdusIntroduction.app */,
				361A9900289B6A6700C16D00 /* IdusIntroductionTests.xctest */,
			);
			name = Products;
			sourceTree = "<group>";
		};
		361A98EC289B6A6600C16D00 /* IdusIntroduction */ = {
			isa = PBXGroup;
			children = (
				361A9927289B6EE700C16D00 /* App */,
				361A9928289B6EF200C16D00 /* Presentation */,
				361A9946289BC60E00C16D00 /* Model */,
				361A9942289BC5B500C16D00 /* Network */,
				361A992C289B6F2500C16D00 /* Protocols */,
				361A9932289B724A00C16D00 /* Utilities */,
				361A9929289B6F0000C16D00 /* Resources */,
				361A98FB289B6A6700C16D00 /* Info.plist */,
			);
			path = IdusIntroduction;
			sourceTree = "<group>";
		};
		361A9903289B6A6700C16D00 /* IdusIntroductionTests */ = {
			isa = PBXGroup;
			children = (
				361A992F289B71EB00C16D00 /* Mock */,
				361A9904289B6A6700C16D00 /* JSONParserTests.swift */,
			);
			path = IdusIntroductionTests;
			sourceTree = "<group>";
		};
		361A9927289B6EE700C16D00 /* App */ = {
			isa = PBXGroup;
			children = (
				361A98ED289B6A6600C16D00 /* AppDelegate.swift */,
				361A98EF289B6A6600C16D00 /* SceneDelegate.swift */,
			);
			path = App;
			sourceTree = "<group>";
		};
		361A9928289B6EF200C16D00 /* Presentation */ = {
			isa = PBXGroup;
			children = (
				361A98F1289B6A6600C16D00 /* ViewController.swift */,
				361A992A289B6F2200C16D00 /* AppCoordinator.swift */,
			);
			path = Presentation;
			sourceTree = "<group>";
		};
		361A9929289B6F0000C16D00 /* Resources */ = {
			isa = PBXGroup;
			children = (
				361A98F8289B6A6700C16D00 /* LaunchScreen.storyboard */,
				361A98F6289B6A6700C16D00 /* Assets.xcassets */,
			);
			path = Resources;
			sourceTree = "<group>";
		};
		361A992C289B6F2500C16D00 /* Protocols */ = {
			isa = PBXGroup;
			children = (
				361A992D289B6F3A00C16D00 /* CoordinatorProtocol.swift */,
				36EBE0D9289FF32300B92BB4 /* APIProtocol.swift */,
			);
			path = Protocols;
			sourceTree = "<group>";
		};
		361A992F289B71EB00C16D00 /* Mock */ = {
			isa = PBXGroup;
			children = (
				361A9930289B722100C16D00 /* MockIdusSearchResult.json */,
				361A9940289B762200C16D00 /* MockIdusAppItem.json */,
			);
			path = Mock;
			sourceTree = "<group>";
		};
		361A9932289B724A00C16D00 /* Utilities */ = {
			isa = PBXGroup;
			children = (
				361A9933289B726100C16D00 /* JSONParser.swift */,
			);
			path = Utilities;
			sourceTree = "<group>";
		};
		361A9942289BC5B500C16D00 /* Network */ = {
			isa = PBXGroup;
			children = (
				36EBE0D7289FF2BE00B92BB4 /* IdusIntroductionURL.swift */,
				361A9943289BC5C100C16D00 /* response */,
			);
			path = Network;
			sourceTree = "<group>";
		};
		361A9943289BC5C100C16D00 /* response */ = {
			isa = PBXGroup;
			children = (
				361A9939289B73B800C16D00 /* SearchResultDTO.swift */,
				361A993C289B74CF00C16D00 /* AppItemDTO.swift */,
			);
			path = response;
			sourceTree = "<group>";
		};
		361A9946289BC60E00C16D00 /* Model */ = {
			isa = PBXGroup;
			children = (
				361A9947289BC61A00C16D00 /* AppItem.swift */,
			);
			path = Model;
			sourceTree = "<group>";
		};
/* End PBXGroup section */

/* Begin PBXNativeTarget section */
		361A98E9289B6A6600C16D00 /* IdusIntroduction */ = {
			isa = PBXNativeTarget;
			buildConfigurationList = 361A9914289B6A6700C16D00 /* Build configuration list for PBXNativeTarget "IdusIntroduction" */;
			buildPhases = (
				361A98E6289B6A6600C16D00 /* Sources */,
				361A98E7289B6A6600C16D00 /* Frameworks */,
				361A98E8289B6A6600C16D00 /* Resources */,
			);
			buildRules = (
			);
			dependencies = (
			);
			name = IdusIntroduction;
			productName = IdusIntroduction;
			productReference = 361A98EA289B6A6600C16D00 /* IdusIntroduction.app */;
			productType = "com.apple.product-type.application";
		};
		361A98FF289B6A6700C16D00 /* IdusIntroductionTests */ = {
			isa = PBXNativeTarget;
			buildConfigurationList = 361A9917289B6A6700C16D00 /* Build configuration list for PBXNativeTarget "IdusIntroductionTests" */;
			buildPhases = (
				361A98FC289B6A6700C16D00 /* Sources */,
				361A98FD289B6A6700C16D00 /* Frameworks */,
				361A98FE289B6A6700C16D00 /* Resources */,
			);
			buildRules = (
			);
			dependencies = (
				361A9902289B6A6700C16D00 /* PBXTargetDependency */,
			);
			name = IdusIntroductionTests;
			productName = IdusIntroductionTests;
			productReference = 361A9900289B6A6700C16D00 /* IdusIntroductionTests.xctest */;
			productType = "com.apple.product-type.bundle.unit-test";
		};
/* End PBXNativeTarget section */

/* Begin PBXProject section */
		361A98E2289B6A6600C16D00 /* Project object */ = {
			isa = PBXProject;
			attributes = {
				BuildIndependentTargetsInParallel = 1;
				LastSwiftUpdateCheck = 1340;
				LastUpgradeCheck = 1340;
				TargetAttributes = {
					361A98E9289B6A6600C16D00 = {
						CreatedOnToolsVersion = 13.4;
					};
					361A98FF289B6A6700C16D00 = {
						CreatedOnToolsVersion = 13.4;
						TestTargetID = 361A98E9289B6A6600C16D00;
					};
				};
			};
			buildConfigurationList = 361A98E5289B6A6600C16D00 /* Build configuration list for PBXProject "IdusIntroduction" */;
			compatibilityVersion = "Xcode 13.0";
			developmentRegion = en;
			hasScannedForEncodings = 0;
			knownRegions = (
				en,
				Base,
			);
			mainGroup = 361A98E1289B6A6600C16D00;
			productRefGroup = 361A98EB289B6A6600C16D00 /* Products */;
			projectDirPath = "";
			projectRoot = "";
			targets = (
				361A98E9289B6A6600C16D00 /* IdusIntroduction */,
				361A98FF289B6A6700C16D00 /* IdusIntroductionTests */,
			);
		};
/* End PBXProject section */

/* Begin PBXResourcesBuildPhase section */
		361A98E8289B6A6600C16D00 /* Resources */ = {
			isa = PBXResourcesBuildPhase;
			buildActionMask = 2147483647;
			files = (
				361A98FA289B6A6700C16D00 /* LaunchScreen.storyboard in Resources */,
				361A98F7289B6A6700C16D00 /* Assets.xcassets in Resources */,
			);
			runOnlyForDeploymentPostprocessing = 0;
		};
		361A98FE289B6A6700C16D00 /* Resources */ = {
			isa = PBXResourcesBuildPhase;
			buildActionMask = 2147483647;
			files = (
				361A9941289B762200C16D00 /* MockIdusAppItem.json in Resources */,
				361A9931289B722100C16D00 /* MockIdusSearchResult.json in Resources */,
			);
			runOnlyForDeploymentPostprocessing = 0;
		};
/* End PBXResourcesBuildPhase section */

/* Begin PBXSourcesBuildPhase section */
		361A98E6289B6A6600C16D00 /* Sources */ = {
			isa = PBXSourcesBuildPhase;
			buildActionMask = 2147483647;
			files = (
				361A993D289B74CF00C16D00 /* AppItemDTO.swift in Sources */,
				361A992B289B6F2200C16D00 /* AppCoordinator.swift in Sources */,
				36EBE0DA289FF32300B92BB4 /* APIProtocol.swift in Sources */,
				361A98F2289B6A6600C16D00 /* ViewController.swift in Sources */,
				361A9948289BC61A00C16D00 /* AppItem.swift in Sources */,
				361A9934289B726100C16D00 /* JSONParser.swift in Sources */,
				361A992E289B6F3A00C16D00 /* CoordinatorProtocol.swift in Sources */,
				361A98EE289B6A6600C16D00 /* AppDelegate.swift in Sources */,
				361A98F0289B6A6600C16D00 /* SceneDelegate.swift in Sources */,
				36EBE0D8289FF2BE00B92BB4 /* IdusIntroductionURL.swift in Sources */,
				361A993A289B73B800C16D00 /* SearchResultDTO.swift in Sources */,
			);
			runOnlyForDeploymentPostprocessing = 0;
		};
		361A98FC289B6A6700C16D00 /* Sources */ = {
			isa = PBXSourcesBuildPhase;
			buildActionMask = 2147483647;
			files = (
				361A9905289B6A6700C16D00 /* JSONParserTests.swift in Sources */,
			);
			runOnlyForDeploymentPostprocessing = 0;
		};
/* End PBXSourcesBuildPhase section */

/* Begin PBXTargetDependency section */
		361A9902289B6A6700C16D00 /* PBXTargetDependency */ = {
			isa = PBXTargetDependency;
			target = 361A98E9289B6A6600C16D00 /* IdusIntroduction */;
			targetProxy = 361A9901289B6A6700C16D00 /* PBXContainerItemProxy */;
		};
/* End PBXTargetDependency section */

/* Begin PBXVariantGroup section */
		361A98F8289B6A6700C16D00 /* LaunchScreen.storyboard */ = {
			isa = PBXVariantGroup;
			children = (
				361A98F9289B6A6700C16D00 /* Base */,
			);
			name = LaunchScreen.storyboard;
			sourceTree = "<group>";
		};
/* End PBXVariantGroup section */

/* Begin XCBuildConfiguration section */
		361A9912289B6A6700C16D00 /* Debug */ = {
			isa = XCBuildConfiguration;
			buildSettings = {
				ALWAYS_SEARCH_USER_PATHS = NO;
				CLANG_ANALYZER_NONNULL = YES;
				CLANG_ANALYZER_NUMBER_OBJECT_CONVERSION = YES_AGGRESSIVE;
				CLANG_CXX_LANGUAGE_STANDARD = "gnu++17";
				CLANG_ENABLE_MODULES = YES;
				CLANG_ENABLE_OBJC_ARC = YES;
				CLANG_ENABLE_OBJC_WEAK = YES;
				CLANG_WARN_BLOCK_CAPTURE_AUTORELEASING = YES;
				CLANG_WARN_BOOL_CONVERSION = YES;
				CLANG_WARN_COMMA = YES;
				CLANG_WARN_CONSTANT_CONVERSION = YES;
				CLANG_WARN_DEPRECATED_OBJC_IMPLEMENTATIONS = YES;
				CLANG_WARN_DIRECT_OBJC_ISA_USAGE = YES_ERROR;
				CLANG_WARN_DOCUMENTATION_COMMENTS = YES;
				CLANG_WARN_EMPTY_BODY = YES;
				CLANG_WARN_ENUM_CONVERSION = YES;
				CLANG_WARN_INFINITE_RECURSION = YES;
				CLANG_WARN_INT_CONVERSION = YES;
				CLANG_WARN_NON_LITERAL_NULL_CONVERSION = YES;
				CLANG_WARN_OBJC_IMPLICIT_RETAIN_SELF = YES;
				CLANG_WARN_OBJC_LITERAL_CONVERSION = YES;
				CLANG_WARN_OBJC_ROOT_CLASS = YES_ERROR;
				CLANG_WARN_QUOTED_INCLUDE_IN_FRAMEWORK_HEADER = YES;
				CLANG_WARN_RANGE_LOOP_ANALYSIS = YES;
				CLANG_WARN_STRICT_PROTOTYPES = YES;
				CLANG_WARN_SUSPICIOUS_MOVE = YES;
				CLANG_WARN_UNGUARDED_AVAILABILITY = YES_AGGRESSIVE;
				CLANG_WARN_UNREACHABLE_CODE = YES;
				CLANG_WARN__DUPLICATE_METHOD_MATCH = YES;
				COPY_PHASE_STRIP = NO;
				DEBUG_INFORMATION_FORMAT = dwarf;
				ENABLE_STRICT_OBJC_MSGSEND = YES;
				ENABLE_TESTABILITY = YES;
				GCC_C_LANGUAGE_STANDARD = gnu11;
				GCC_DYNAMIC_NO_PIC = NO;
				GCC_NO_COMMON_BLOCKS = YES;
				GCC_OPTIMIZATION_LEVEL = 0;
				GCC_PREPROCESSOR_DEFINITIONS = (
					"DEBUG=1",
					"$(inherited)",
				);
				GCC_WARN_64_TO_32_BIT_CONVERSION = YES;
				GCC_WARN_ABOUT_RETURN_TYPE = YES_ERROR;
				GCC_WARN_UNDECLARED_SELECTOR = YES;
				GCC_WARN_UNINITIALIZED_AUTOS = YES_AGGRESSIVE;
				GCC_WARN_UNUSED_FUNCTION = YES;
				GCC_WARN_UNUSED_VARIABLE = YES;
				IPHONEOS_DEPLOYMENT_TARGET = 13.0;
				MTL_ENABLE_DEBUG_INFO = INCLUDE_SOURCE;
				MTL_FAST_MATH = YES;
				ONLY_ACTIVE_ARCH = YES;
				SDKROOT = iphoneos;
				SWIFT_ACTIVE_COMPILATION_CONDITIONS = DEBUG;
				SWIFT_OPTIMIZATION_LEVEL = "-Onone";
			};
			name = Debug;
		};
		361A9913289B6A6700C16D00 /* Release */ = {
			isa = XCBuildConfiguration;
			buildSettings = {
				ALWAYS_SEARCH_USER_PATHS = NO;
				CLANG_ANALYZER_NONNULL = YES;
				CLANG_ANALYZER_NUMBER_OBJECT_CONVERSION = YES_AGGRESSIVE;
				CLANG_CXX_LANGUAGE_STANDARD = "gnu++17";
				CLANG_ENABLE_MODULES = YES;
				CLANG_ENABLE_OBJC_ARC = YES;
				CLANG_ENABLE_OBJC_WEAK = YES;
				CLANG_WARN_BLOCK_CAPTURE_AUTORELEASING = YES;
				CLANG_WARN_BOOL_CONVERSION = YES;
				CLANG_WARN_COMMA = YES;
				CLANG_WARN_CONSTANT_CONVERSION = YES;
				CLANG_WARN_DEPRECATED_OBJC_IMPLEMENTATIONS = YES;
				CLANG_WARN_DIRECT_OBJC_ISA_USAGE = YES_ERROR;
				CLANG_WARN_DOCUMENTATION_COMMENTS = YES;
				CLANG_WARN_EMPTY_BODY = YES;
				CLANG_WARN_ENUM_CONVERSION = YES;
				CLANG_WARN_INFINITE_RECURSION = YES;
				CLANG_WARN_INT_CONVERSION = YES;
				CLANG_WARN_NON_LITERAL_NULL_CONVERSION = YES;
				CLANG_WARN_OBJC_IMPLICIT_RETAIN_SELF = YES;
				CLANG_WARN_OBJC_LITERAL_CONVERSION = YES;
				CLANG_WARN_OBJC_ROOT_CLASS = YES_ERROR;
				CLANG_WARN_QUOTED_INCLUDE_IN_FRAMEWORK_HEADER = YES;
				CLANG_WARN_RANGE_LOOP_ANALYSIS = YES;
				CLANG_WARN_STRICT_PROTOTYPES = YES;
				CLANG_WARN_SUSPICIOUS_MOVE = YES;
				CLANG_WARN_UNGUARDED_AVAILABILITY = YES_AGGRESSIVE;
				CLANG_WARN_UNREACHABLE_CODE = YES;
				CLANG_WARN__DUPLICATE_METHOD_MATCH = YES;
				COPY_PHASE_STRIP = NO;
				DEBUG_INFORMATION_FORMAT = "dwarf-with-dsym";
				ENABLE_NS_ASSERTIONS = NO;
				ENABLE_STRICT_OBJC_MSGSEND = YES;
				GCC_C_LANGUAGE_STANDARD = gnu11;
				GCC_NO_COMMON_BLOCKS = YES;
				GCC_WARN_64_TO_32_BIT_CONVERSION = YES;
				GCC_WARN_ABOUT_RETURN_TYPE = YES_ERROR;
				GCC_WARN_UNDECLARED_SELECTOR = YES;
				GCC_WARN_UNINITIALIZED_AUTOS = YES_AGGRESSIVE;
				GCC_WARN_UNUSED_FUNCTION = YES;
				GCC_WARN_UNUSED_VARIABLE = YES;
				IPHONEOS_DEPLOYMENT_TARGET = 13.0;
				MTL_ENABLE_DEBUG_INFO = NO;
				MTL_FAST_MATH = YES;
				SDKROOT = iphoneos;
				SWIFT_COMPILATION_MODE = wholemodule;
				SWIFT_OPTIMIZATION_LEVEL = "-O";
				VALIDATE_PRODUCT = YES;
			};
			name = Release;
		};
		361A9915289B6A6700C16D00 /* Debug */ = {
			isa = XCBuildConfiguration;
			buildSettings = {
				ASSETCATALOG_COMPILER_APPICON_NAME = AppIcon;
				ASSETCATALOG_COMPILER_GLOBAL_ACCENT_COLOR_NAME = AccentColor;
				CODE_SIGN_STYLE = Automatic;
				CURRENT_PROJECT_VERSION = 1;
				DEVELOPMENT_TEAM = XD7KFVM4LP;
				GENERATE_INFOPLIST_FILE = YES;
				INFOPLIST_FILE = IdusIntroduction/Info.plist;
				INFOPLIST_KEY_UIApplicationSupportsIndirectInputEvents = YES;
				INFOPLIST_KEY_UILaunchStoryboardName = LaunchScreen;
				INFOPLIST_KEY_UIMainStoryboardFile = LaunchScreen;
				INFOPLIST_KEY_UISupportedInterfaceOrientations_iPad = "UIInterfaceOrientationPortrait UIInterfaceOrientationPortraitUpsideDown UIInterfaceOrientationLandscapeLeft UIInterfaceOrientationLandscapeRight";
				INFOPLIST_KEY_UISupportedInterfaceOrientations_iPhone = "UIInterfaceOrientationPortrait UIInterfaceOrientationLandscapeLeft UIInterfaceOrientationLandscapeRight";
				LD_RUNPATH_SEARCH_PATHS = (
					"$(inherited)",
					"@executable_path/Frameworks",
				);
				MARKETING_VERSION = 1.0;
				PRODUCT_BUNDLE_IDENTIFIER = com.hyojuson.IdusIntroduction;
				PRODUCT_NAME = "$(TARGET_NAME)";
				SWIFT_EMIT_LOC_STRINGS = YES;
				SWIFT_VERSION = 5.0;
				TARGETED_DEVICE_FAMILY = "1,2";
			};
			name = Debug;
		};
		361A9916289B6A6700C16D00 /* Release */ = {
			isa = XCBuildConfiguration;
			buildSettings = {
				ASSETCATALOG_COMPILER_APPICON_NAME = AppIcon;
				ASSETCATALOG_COMPILER_GLOBAL_ACCENT_COLOR_NAME = AccentColor;
				CODE_SIGN_STYLE = Automatic;
				CURRENT_PROJECT_VERSION = 1;
				DEVELOPMENT_TEAM = XD7KFVM4LP;
				GENERATE_INFOPLIST_FILE = YES;
				INFOPLIST_FILE = IdusIntroduction/Info.plist;
				INFOPLIST_KEY_UIApplicationSupportsIndirectInputEvents = YES;
				INFOPLIST_KEY_UILaunchStoryboardName = LaunchScreen;
				INFOPLIST_KEY_UIMainStoryboardFile = LaunchScreen;
				INFOPLIST_KEY_UISupportedInterfaceOrientations_iPad = "UIInterfaceOrientationPortrait UIInterfaceOrientationPortraitUpsideDown UIInterfaceOrientationLandscapeLeft UIInterfaceOrientationLandscapeRight";
				INFOPLIST_KEY_UISupportedInterfaceOrientations_iPhone = "UIInterfaceOrientationPortrait UIInterfaceOrientationLandscapeLeft UIInterfaceOrientationLandscapeRight";
				LD_RUNPATH_SEARCH_PATHS = (
					"$(inherited)",
					"@executable_path/Frameworks",
				);
				MARKETING_VERSION = 1.0;
				PRODUCT_BUNDLE_IDENTIFIER = com.hyojuson.IdusIntroduction;
				PRODUCT_NAME = "$(TARGET_NAME)";
				SWIFT_EMIT_LOC_STRINGS = YES;
				SWIFT_VERSION = 5.0;
				TARGETED_DEVICE_FAMILY = "1,2";
			};
			name = Release;
		};
		361A9918289B6A6700C16D00 /* Debug */ = {
			isa = XCBuildConfiguration;
			buildSettings = {
				ALWAYS_EMBED_SWIFT_STANDARD_LIBRARIES = YES;
				BUNDLE_LOADER = "$(TEST_HOST)";
				CODE_SIGN_STYLE = Automatic;
				CURRENT_PROJECT_VERSION = 1;
				DEVELOPMENT_TEAM = XD7KFVM4LP;
				GENERATE_INFOPLIST_FILE = YES;
				IPHONEOS_DEPLOYMENT_TARGET = 15.5;
				MARKETING_VERSION = 1.0;
				PRODUCT_BUNDLE_IDENTIFIER = com.hyojuson.IdusIntroductionTests;
				PRODUCT_NAME = "$(TARGET_NAME)";
				SWIFT_EMIT_LOC_STRINGS = NO;
				SWIFT_VERSION = 5.0;
				TARGETED_DEVICE_FAMILY = "1,2";
				TEST_HOST = "$(BUILT_PRODUCTS_DIR)/IdusIntroduction.app/IdusIntroduction";
			};
			name = Debug;
		};
		361A9919289B6A6700C16D00 /* Release */ = {
			isa = XCBuildConfiguration;
			buildSettings = {
				ALWAYS_EMBED_SWIFT_STANDARD_LIBRARIES = YES;
				BUNDLE_LOADER = "$(TEST_HOST)";
				CODE_SIGN_STYLE = Automatic;
				CURRENT_PROJECT_VERSION = 1;
				DEVELOPMENT_TEAM = XD7KFVM4LP;
				GENERATE_INFOPLIST_FILE = YES;
				IPHONEOS_DEPLOYMENT_TARGET = 15.5;
				MARKETING_VERSION = 1.0;
				PRODUCT_BUNDLE_IDENTIFIER = com.hyojuson.IdusIntroductionTests;
				PRODUCT_NAME = "$(TARGET_NAME)";
				SWIFT_EMIT_LOC_STRINGS = NO;
				SWIFT_VERSION = 5.0;
				TARGETED_DEVICE_FAMILY = "1,2";
				TEST_HOST = "$(BUILT_PRODUCTS_DIR)/IdusIntroduction.app/IdusIntroduction";
			};
			name = Release;
		};
/* End XCBuildConfiguration section */

/* Begin XCConfigurationList section */
		361A98E5289B6A6600C16D00 /* Build configuration list for PBXProject "IdusIntroduction" */ = {
			isa = XCConfigurationList;
			buildConfigurations = (
				361A9912289B6A6700C16D00 /* Debug */,
				361A9913289B6A6700C16D00 /* Release */,
			);
			defaultConfigurationIsVisible = 0;
			defaultConfigurationName = Release;
		};
		361A9914289B6A6700C16D00 /* Build configuration list for PBXNativeTarget "IdusIntroduction" */ = {
			isa = XCConfigurationList;
			buildConfigurations = (
				361A9915289B6A6700C16D00 /* Debug */,
				361A9916289B6A6700C16D00 /* Release */,
			);
			defaultConfigurationIsVisible = 0;
			defaultConfigurationName = Release;
		};
		361A9917289B6A6700C16D00 /* Build configuration list for PBXNativeTarget "IdusIntroductionTests" */ = {
			isa = XCConfigurationList;
			buildConfigurations = (
				361A9918289B6A6700C16D00 /* Debug */,
				361A9919289B6A6700C16D00 /* Release */,
			);
			defaultConfigurationIsVisible = 0;
			defaultConfigurationName = Release;
		};
/* End XCConfigurationList section */
	};
	rootObject = 361A98E2289B6A6600C16D00 /* Project object */;
}
